
Microsoft Visual Studio Solution File, Format Version 12.00
# Visual Studio Version 16
VisualStudioVersion = 16.0.29728.190
MinimumVisualStudioVersion = 10.0.40219.1
Project("{FAE04EC0-301F-11D3-BF4B-00C04F79EFBC}") = "ShinySink.UWP", "ShinySink\ShinySink.UWP\ShinySink.UWP.csproj", "{BBAE39C0-EA92-4415-9FD3-BED5A119995C}"
EndProject
Project("{FAE04EC0-301F-11D3-BF4B-00C04F79EFBC}") = "ShinySink.Android", "ShinySink\ShinySink.Android\ShinySink.Android.csproj", "{78A3F9AB-B9EC-413E-8A2C-7DC55CF9D47D}"
EndProject
Project("{FAE04EC0-301F-11D3-BF4B-00C04F79EFBC}") = "ShinySink.iOS", "ShinySink\ShinySink.iOS\ShinySink.iOS.csproj", "{7902B32F-DA50-4C15-99F7-E587356F2D0D}"
EndProject
Project("{9A19103F-16F7-4668-BE54-9A1E7A4F7556}") = "ShinySink", "ShinySink\ShinySink\ShinySink.csproj", "{4F0A028C-D22F-43BF-93C2-5CF59D8359EF}"
EndProject
Project("{2150E333-8FDC-42A3-9474-1A3956D46DE8}") = "Solution Items", "Solution Items", "{E37FFF5A-AE50-4200-BAB5-69A7F7294F51}"
	ProjectSection(SolutionItems) = preProject
		nuget.config = nuget.config
		readme.md = readme.md
	EndProjectSection
EndProject
Project("{FAE04EC0-301F-11D3-BF4B-00C04F79EFBC}") = "ShinySink.Tests", "ShinySink.Tests\ShinySink.Tests.csproj", "{E390CA00-FC34-438A-81EA-D9E10A707E02}"
EndProject
Project("{2150E333-8FDC-42A3-9474-1A3956D46DE8}") = "Platforms", "Platforms", "{C32EBF05-A037-4422-B0E2-1D3D77702F6F}"
EndProject
Global
	GlobalSection(SolutionConfigurationPlatforms) = preSolution
		Debug|Any CPU = Debug|Any CPU
		Debug|ARM = Debug|ARM
		Debug|iPhone = Debug|iPhone
		Debug|iPhoneSimulator = Debug|iPhoneSimulator
		Debug|x64 = Debug|x64
		Debug|x86 = Debug|x86
		Release|Any CPU = Release|Any CPU
		Release|ARM = Release|ARM
		Release|iPhone = Release|iPhone
		Release|iPhoneSimulator = Release|iPhoneSimulator
		Release|x64 = Release|x64
		Release|x86 = Release|x86
	EndGlobalSection
	GlobalSection(ProjectConfigurationPlatforms) = postSolution
		{BBAE39C0-EA92-4415-9FD3-BED5A119995C}.Debug|Any CPU.ActiveCfg = Debug|x86
		{BBAE39C0-EA92-4415-9FD3-BED5A119995C}.Debug|Any CPU.Build.0 = Debug|x86
		{BBAE39C0-EA92-4415-9FD3-BED5A119995C}.Debug|Any CPU.Deploy.0 = Debug|x86
		{BBAE39C0-EA92-4415-9FD3-BED5A119995C}.Debug|ARM.ActiveCfg = Debug|ARM
		{BBAE39C0-EA92-4415-9FD3-BED5A119995C}.Debug|ARM.Build.0 = Debug|ARM
		{BBAE39C0-EA92-4415-9FD3-BED5A119995C}.Debug|ARM.Deploy.0 = Debug|ARM
		{BBAE39C0-EA92-4415-9FD3-BED5A119995C}.Debug|iPhone.ActiveCfg = Debug|x86
		{BBAE39C0-EA92-4415-9FD3-BED5A119995C}.Debug|iPhone.Build.0 = Debug|x86
		{BBAE39C0-EA92-4415-9FD3-BED5A119995C}.Debug|iPhone.Deploy.0 = Debug|x86
		{BBAE39C0-EA92-4415-9FD3-BED5A119995C}.Debug|iPhoneSimulator.ActiveCfg = Debug|x86
		{BBAE39C0-EA92-4415-9FD3-BED5A119995C}.Debug|iPhoneSimulator.Build.0 = Debug|x86
		{BBAE39C0-EA92-4415-9FD3-BED5A119995C}.Debug|iPhoneSimulator.Deploy.0 = Debug|x86
		{BBAE39C0-EA92-4415-9FD3-BED5A119995C}.Debug|x64.ActiveCfg = Debug|x64
		{BBAE39C0-EA92-4415-9FD3-BED5A119995C}.Debug|x64.Build.0 = Debug|x64
		{BBAE39C0-EA92-4415-9FD3-BED5A119995C}.Debug|x64.Deploy.0 = Debug|x64
		{BBAE39C0-EA92-4415-9FD3-BED5A119995C}.Debug|x86.ActiveCfg = Debug|x86
		{BBAE39C0-EA92-4415-9FD3-BED5A119995C}.Debug|x86.Build.0 = Debug|x86
		{BBAE39C0-EA92-4415-9FD3-BED5A119995C}.Debug|x86.Deploy.0 = Debug|x86
		{BBAE39C0-EA92-4415-9FD3-BED5A119995C}.Release|Any CPU.ActiveCfg = Release|x86
		{BBAE39C0-EA92-4415-9FD3-BED5A119995C}.Release|Any CPU.Build.0 = Release|x86
		{BBAE39C0-EA92-4415-9FD3-BED5A119995C}.Release|Any CPU.Deploy.0 = Release|x86
		{BBAE39C0-EA92-4415-9FD3-BED5A119995C}.Release|ARM.ActiveCfg = Release|ARM
		{BBAE39C0-EA92-4415-9FD3-BED5A119995C}.Release|ARM.Build.0 = Release|ARM
		{BBAE39C0-EA92-4415-9FD3-BED5A119995C}.Release|ARM.Deploy.0 = Release|ARM
		{BBAE39C0-EA92-4415-9FD3-BED5A119995C}.Release|iPhone.ActiveCfg = Release|x86
		{BBAE39C0-EA92-4415-9FD3-BED5A119995C}.Release|iPhone.Build.0 = Release|x86
		{BBAE39C0-EA92-4415-9FD3-BED5A119995C}.Release|iPhone.Deploy.0 = Release|x86
		{BBAE39C0-EA92-4415-9FD3-BED5A119995C}.Release|iPhoneSimulator.ActiveCfg = Release|x86
		{BBAE39C0-EA92-4415-9FD3-BED5A119995C}.Release|iPhoneSimulator.Build.0 = Release|x86
		{BBAE39C0-EA92-4415-9FD3-BED5A119995C}.Release|iPhoneSimulator.Deploy.0 = Release|x86
		{BBAE39C0-EA92-4415-9FD3-BED5A119995C}.Release|x64.ActiveCfg = Release|x64
		{BBAE39C0-EA92-4415-9FD3-BED5A119995C}.Release|x64.Build.0 = Release|x64
		{BBAE39C0-EA92-4415-9FD3-BED5A119995C}.Release|x64.Deploy.0 = Release|x64
		{BBAE39C0-EA92-4415-9FD3-BED5A119995C}.Release|x86.ActiveCfg = Release|x86
		{BBAE39C0-EA92-4415-9FD3-BED5A119995C}.Release|x86.Build.0 = Release|x86
		{BBAE39C0-EA92-4415-9FD3-BED5A119995C}.Release|x86.Deploy.0 = Release|x86
		{78A3F9AB-B9EC-413E-8A2C-7DC55CF9D47D}.Debug|Any CPU.ActiveCfg = Debug|Any CPU
		{78A3F9AB-B9EC-413E-8A2C-7DC55CF9D47D}.Debug|Any CPU.Build.0 = Debug|Any CPU
		{78A3F9AB-B9EC-413E-8A2C-7DC55CF9D47D}.Debug|Any CPU.Deploy.0 = Debug|Any CPU
		{78A3F9AB-B9EC-413E-8A2C-7DC55CF9D47D}.Debug|ARM.ActiveCfg = Debug|Any CPU
		{78A3F9AB-B9EC-413E-8A2C-7DC55CF9D47D}.Debug|ARM.Build.0 = Debug|Any CPU
		{78A3F9AB-B9EC-413E-8A2C-7DC55CF9D47D}.Debug|ARM.Deploy.0 = Debug|Any CPU
		{78A3F9AB-B9EC-413E-8A2C-7DC55CF9D47D}.Debug|iPhone.ActiveCfg = Debug|Any CPU
		{78A3F9AB-B9EC-413E-8A2C-7DC55CF9D47D}.Debug|iPhone.Build.0 = Debug|Any CPU
		{78A3F9AB-B9EC-413E-8A2C-7DC55CF9D47D}.Debug|iPhone.Deploy.0 = Debug|Any CPU
		{78A3F9AB-B9EC-413E-8A2C-7DC55CF9D47D}.Debug|iPhoneSimulator.ActiveCfg = Debug|Any CPU
		{78A3F9AB-B9EC-413E-8A2C-7DC55CF9D47D}.Debug|iPhoneSimulator.Build.0 = Debug|Any CPU
		{78A3F9AB-B9EC-413E-8A2C-7DC55CF9D47D}.Debug|iPhoneSimulator.Deploy.0 = Debug|Any CPU
		{78A3F9AB-B9EC-413E-8A2C-7DC55CF9D47D}.Debug|x64.ActiveCfg = Debug|Any CPU
		{78A3F9AB-B9EC-413E-8A2C-7DC55CF9D47D}.Debug|x64.Build.0 = Debug|Any CPU
		{78A3F9AB-B9EC-413E-8A2C-7DC55CF9D47D}.Debug|x64.Deploy.0 = Debug|Any CPU
		{78A3F9AB-B9EC-413E-8A2C-7DC55CF9D47D}.Debug|x86.ActiveCfg = Debug|Any CPU
		{78A3F9AB-B9EC-413E-8A2C-7DC55CF9D47D}.Debug|x86.Build.0 = Debug|Any CPU
		{78A3F9AB-B9EC-413E-8A2C-7DC55CF9D47D}.Debug|x86.Deploy.0 = Debug|Any CPU
		{78A3F9AB-B9EC-413E-8A2C-7DC55CF9D47D}.Release|Any CPU.ActiveCfg = Release|Any CPU
		{78A3F9AB-B9EC-413E-8A2C-7DC55CF9D47D}.Release|Any CPU.Build.0 = Release|Any CPU
		{78A3F9AB-B9EC-413E-8A2C-7DC55CF9D47D}.Release|Any CPU.Deploy.0 = Release|Any CPU
		{78A3F9AB-B9EC-413E-8A2C-7DC55CF9D47D}.Release|ARM.ActiveCfg = Release|Any CPU
		{78A3F9AB-B9EC-413E-8A2C-7DC55CF9D47D}.Release|ARM.Build.0 = Release|Any CPU
		{78A3F9AB-B9EC-413E-8A2C-7DC55CF9D47D}.Release|ARM.Deploy.0 = Release|Any CPU
		{78A3F9AB-B9EC-413E-8A2C-7DC55CF9D47D}.Release|iPhone.ActiveCfg = Release|Any CPU
		{78A3F9AB-B9EC-413E-8A2C-7DC55CF9D47D}.Release|iPhone.Build.0 = Release|Any CPU
		{78A3F9AB-B9EC-413E-8A2C-7DC55CF9D47D}.Release|iPhone.Deploy.0 = Release|Any CPU
		{78A3F9AB-B9EC-413E-8A2C-7DC55CF9D47D}.Release|iPhoneSimulator.ActiveCfg = Release|Any CPU
		{78A3F9AB-B9EC-413E-8A2C-7DC55CF9D47D}.Release|iPhoneSimulator.Build.0 = Release|Any CPU
		{78A3F9AB-B9EC-413E-8A2C-7DC55CF9D47D}.Release|iPhoneSimulator.Deploy.0 = Release|Any CPU
		{78A3F9AB-B9EC-413E-8A2C-7DC55CF9D47D}.Release|x64.ActiveCfg = Release|Any CPU
		{78A3F9AB-B9EC-413E-8A2C-7DC55CF9D47D}.Release|x64.Build.0 = Release|Any CPU
		{78A3F9AB-B9EC-413E-8A2C-7DC55CF9D47D}.Release|x64.Deploy.0 = Release|Any CPU
		{78A3F9AB-B9EC-413E-8A2C-7DC55CF9D47D}.Release|x86.ActiveCfg = Release|Any CPU
		{78A3F9AB-B9EC-413E-8A2C-7DC55CF9D47D}.Release|x86.Build.0 = Release|Any CPU
		{78A3F9AB-B9EC-413E-8A2C-7DC55CF9D47D}.Release|x86.Deploy.0 = Release|Any CPU
		{7902B32F-DA50-4C15-99F7-E587356F2D0D}.Debug|Any CPU.ActiveCfg = Debug|iPhone
		{7902B32F-DA50-4C15-99F7-E587356F2D0D}.Debug|Any CPU.Build.0 = Debug|iPhone
		{7902B32F-DA50-4C15-99F7-E587356F2D0D}.Debug|Any CPU.Deploy.0 = Debug|iPhone
		{7902B32F-DA50-4C15-99F7-E587356F2D0D}.Debug|ARM.ActiveCfg = Debug|iPhoneSimulator
		{7902B32F-DA50-4C15-99F7-E587356F2D0D}.Debug|ARM.Build.0 = Debug|iPhoneSimulator
		{7902B32F-DA50-4C15-99F7-E587356F2D0D}.Debug|ARM.Deploy.0 = Debug|iPhoneSimulator
		{7902B32F-DA50-4C15-99F7-E587356F2D0D}.Debug|iPhone.ActiveCfg = Debug|iPhone
		{7902B32F-DA50-4C15-99F7-E587356F2D0D}.Debug|iPhone.Build.0 = Debug|iPhone
		{7902B32F-DA50-4C15-99F7-E587356F2D0D}.Debug|iPhone.Deploy.0 = Debug|iPhone
		{7902B32F-DA50-4C15-99F7-E587356F2D0D}.Debug|iPhoneSimulator.ActiveCfg = Debug|iPhoneSimulator
		{7902B32F-DA50-4C15-99F7-E587356F2D0D}.Debug|iPhoneSimulator.Build.0 = Debug|iPhoneSimulator
		{7902B32F-DA50-4C15-99F7-E587356F2D0D}.Debug|iPhoneSimulator.Deploy.0 = Debug|iPhoneSimulator
		{7902B32F-DA50-4C15-99F7-E587356F2D0D}.Debug|x64.ActiveCfg = Debug|iPhone
		{7902B32F-DA50-4C15-99F7-E587356F2D0D}.Debug|x64.Build.0 = Debug|iPhone
		{7902B32F-DA50-4C15-99F7-E587356F2D0D}.Debug|x64.Deploy.0 = Debug|iPhone
		{7902B32F-DA50-4C15-99F7-E587356F2D0D}.Debug|x86.ActiveCfg = Debug|iPhone
		{7902B32F-DA50-4C15-99F7-E587356F2D0D}.Debug|x86.Build.0 = Debug|iPhone
		{7902B32F-DA50-4C15-99F7-E587356F2D0D}.Debug|x86.Deploy.0 = Debug|iPhone
		{7902B32F-DA50-4C15-99F7-E587356F2D0D}.Release|Any CPU.ActiveCfg = Release|iPhone
		{7902B32F-DA50-4C15-99F7-E587356F2D0D}.Release|Any CPU.Build.0 = Release|iPhone
		{7902B32F-DA50-4C15-99F7-E587356F2D0D}.Release|Any CPU.Deploy.0 = Release|iPhone
		{7902B32F-DA50-4C15-99F7-E587356F2D0D}.Release|ARM.ActiveCfg = Release|iPhone
		{7902B32F-DA50-4C15-99F7-E587356F2D0D}.Release|ARM.Build.0 = Release|iPhone
		{7902B32F-DA50-4C15-99F7-E587356F2D0D}.Release|ARM.Deploy.0 = Release|iPhone
		{7902B32F-DA50-4C15-99F7-E587356F2D0D}.Release|iPhone.ActiveCfg = Release|iPhone
		{7902B32F-DA50-4C15-99F7-E587356F2D0D}.Release|iPhone.Build.0 = Release|iPhone
		{7902B32F-DA50-4C15-99F7-E587356F2D0D}.Release|iPhone.Deploy.0 = Release|iPhone
		{7902B32F-DA50-4C15-99F7-E587356F2D0D}.Release|iPhoneSimulator.ActiveCfg = Release|iPhoneSimulator
		{7902B32F-DA50-4C15-99F7-E587356F2D0D}.Release|iPhoneSimulator.Build.0 = Release|iPhoneSimulator
		{7902B32F-DA50-4C15-99F7-E587356F2D0D}.Release|iPhoneSimulator.Deploy.0 = Release|iPhoneSimulator
		{7902B32F-DA50-4C15-99F7-E587356F2D0D}.Release|x64.ActiveCfg = Release|iPhone
		{7902B32F-DA50-4C15-99F7-E587356F2D0D}.Release|x64.Build.0 = Release|iPhone
		{7902B32F-DA50-4C15-99F7-E587356F2D0D}.Release|x64.Deploy.0 = Release|iPhone
		{7902B32F-DA50-4C15-99F7-E587356F2D0D}.Release|x86.ActiveCfg = Release|iPhone
		{7902B32F-DA50-4C15-99F7-E587356F2D0D}.Release|x86.Build.0 = Release|iPhone
		{7902B32F-DA50-4C15-99F7-E587356F2D0D}.Release|x86.Deploy.0 = Release|iPhone
		{4F0A028C-D22F-43BF-93C2-5CF59D8359EF}.Debug|Any CPU.ActiveCfg = Debug|Any CPU
		{4F0A028C-D22F-43BF-93C2-5CF59D8359EF}.Debug|Any CPU.Build.0 = Debug|Any CPU
		{4F0A028C-D22F-43BF-93C2-5CF59D8359EF}.Debug|Any CPU.Deploy.0 = Debug|Any CPU
		{4F0A028C-D22F-43BF-93C2-5CF59D8359EF}.Debug|ARM.ActiveCfg = Debug|Any CPU
		{4F0A028C-D22F-43BF-93C2-5CF59D8359EF}.Debug|ARM.Build.0 = Debug|Any CPU
		{4F0A028C-D22F-43BF-93C2-5CF59D8359EF}.Debug|ARM.Deploy.0 = Debug|Any CPU
		{4F0A028C-D22F-43BF-93C2-5CF59D8359EF}.Debug|iPhone.ActiveCfg = Debug|Any CPU
		{4F0A028C-D22F-43BF-93C2-5CF59D8359EF}.Debug|iPhone.Build.0 = Debug|Any CPU
		{4F0A028C-D22F-43BF-93C2-5CF59D8359EF}.Debug|iPhone.Deploy.0 = Debug|Any CPU
		{4F0A028C-D22F-43BF-93C2-5CF59D8359EF}.Debug|iPhoneSimulator.ActiveCfg = Debug|Any CPU
		{4F0A028C-D22F-43BF-93C2-5CF59D8359EF}.Debug|iPhoneSimulator.Build.0 = Debug|Any CPU
		{4F0A028C-D22F-43BF-93C2-5CF59D8359EF}.Debug|iPhoneSimulator.Deploy.0 = Debug|Any CPU
		{4F0A028C-D22F-43BF-93C2-5CF59D8359EF}.Debug|x64.ActiveCfg = Debug|Any CPU
		{4F0A028C-D22F-43BF-93C2-5CF59D8359EF}.Debug|x64.Build.0 = Debug|Any CPU
		{4F0A028C-D22F-43BF-93C2-5CF59D8359EF}.Debug|x64.Deploy.0 = Debug|Any CPU
		{4F0A028C-D22F-43BF-93C2-5CF59D8359EF}.Debug|x86.ActiveCfg = Debug|Any CPU
		{4F0A028C-D22F-43BF-93C2-5CF59D8359EF}.Debug|x86.Build.0 = Debug|Any CPU
		{4F0A028C-D22F-43BF-93C2-5CF59D8359EF}.Debug|x86.Deploy.0 = Debug|Any CPU
		{4F0A028C-D22F-43BF-93C2-5CF59D8359EF}.Release|Any CPU.ActiveCfg = Release|Any CPU
		{4F0A028C-D22F-43BF-93C2-5CF59D8359EF}.Release|Any CPU.Build.0 = Release|Any CPU
		{4F0A028C-D22F-43BF-93C2-5CF59D8359EF}.Release|Any CPU.Deploy.0 = Release|Any CPU
		{4F0A028C-D22F-43BF-93C2-5CF59D8359EF}.Release|ARM.ActiveCfg = Release|Any CPU
		{4F0A028C-D22F-43BF-93C2-5CF59D8359EF}.Release|ARM.Build.0 = Release|Any CPU
		{4F0A028C-D22F-43BF-93C2-5CF59D8359EF}.Release|ARM.Deploy.0 = Release|Any CPU
		{4F0A028C-D22F-43BF-93C2-5CF59D8359EF}.Release|iPhone.ActiveCfg = Release|Any CPU
		{4F0A028C-D22F-43BF-93C2-5CF59D8359EF}.Release|iPhone.Build.0 = Release|Any CPU
		{4F0A028C-D22F-43BF-93C2-5CF59D8359EF}.Release|iPhone.Deploy.0 = Release|Any CPU
		{4F0A028C-D22F-43BF-93C2-5CF59D8359EF}.Release|iPhoneSimulator.ActiveCfg = Release|Any CPU
		{4F0A028C-D22F-43BF-93C2-5CF59D8359EF}.Release|iPhoneSimulator.Build.0 = Release|Any CPU
		{4F0A028C-D22F-43BF-93C2-5CF59D8359EF}.Release|iPhoneSimulator.Deploy.0 = Release|Any CPU
		{4F0A028C-D22F-43BF-93C2-5CF59D8359EF}.Release|x64.ActiveCfg = Release|Any CPU
		{4F0A028C-D22F-43BF-93C2-5CF59D8359EF}.Release|x64.Build.0 = Release|Any CPU
		{4F0A028C-D22F-43BF-93C2-5CF59D8359EF}.Release|x64.Deploy.0 = Release|Any CPU
		{4F0A028C-D22F-43BF-93C2-5CF59D8359EF}.Release|x86.ActiveCfg = Release|Any CPU
		{4F0A028C-D22F-43BF-93C2-5CF59D8359EF}.Release|x86.Build.0 = Release|Any CPU
		{4F0A028C-D22F-43BF-93C2-5CF59D8359EF}.Release|x86.Deploy.0 = Release|Any CPU
		{E390CA00-FC34-438A-81EA-D9E10A707E02}.Debug|Any CPU.ActiveCfg = Debug|Any CPU
		{E390CA00-FC34-438A-81EA-D9E10A707E02}.Debug|Any CPU.Build.0 = Debug|Any CPU
		{E390CA00-FC34-438A-81EA-D9E10A707E02}.Debug|ARM.ActiveCfg = Debug|Any CPU
		{E390CA00-FC34-438A-81EA-D9E10A707E02}.Debug|ARM.Build.0 = Debug|Any CPU
		{E390CA00-FC34-438A-81EA-D9E10A707E02}.Debug|iPhone.ActiveCfg = Debug|Any CPU
		{E390CA00-FC34-438A-81EA-D9E10A707E02}.Debug|iPhone.Build.0 = Debug|Any CPU
		{E390CA00-FC34-438A-81EA-D9E10A707E02}.Debug|iPhoneSimulator.ActiveCfg = Debug|Any CPU
		{E390CA00-FC34-438A-81EA-D9E10A707E02}.Debug|iPhoneSimulator.Build.0 = Debug|Any CPU
		{E390CA00-FC34-438A-81EA-D9E10A707E02}.Debug|x64.ActiveCfg = Debug|Any CPU
		{E390CA00-FC34-438A-81EA-D9E10A707E02}.Debug|x64.Build.0 = Debug|Any CPU
		{E390CA00-FC34-438A-81EA-D9E10A707E02}.Debug|x86.ActiveCfg = Debug|Any CPU
		{E390CA00-FC34-438A-81EA-D9E10A707E02}.Debug|x86.Build.0 = Debug|Any CPU
		{E390CA00-FC34-438A-81EA-D9E10A707E02}.Release|Any CPU.ActiveCfg = Release|Any CPU
		{E390CA00-FC34-438A-81EA-D9E10A707E02}.Release|Any CPU.Build.0 = Release|Any CPU
		{E390CA00-FC34-438A-81EA-D9E10A707E02}.Release|ARM.ActiveCfg = Release|Any CPU
		{E390CA00-FC34-438A-81EA-D9E10A707E02}.Release|ARM.Build.0 = Release|Any CPU
		{E390CA00-FC34-438A-81EA-D9E10A707E02}.Release|iPhone.ActiveCfg = Release|Any CPU
		{E390CA00-FC34-438A-81EA-D9E10A707E02}.Release|iPhone.Build.0 = Release|Any CPU
		{E390CA00-FC34-438A-81EA-D9E10A707E02}.Release|iPhoneSimulator.ActiveCfg = Release|Any CPU
		{E390CA00-FC34-438A-81EA-D9E10A707E02}.Release|iPhoneSimulator.Build.0 = Release|Any CPU
		{E390CA00-FC34-438A-81EA-D9E10A707E02}.Release|x64.ActiveCfg = Release|Any CPU
		{E390CA00-FC34-438A-81EA-D9E10A707E02}.Release|x64.Build.0 = Release|Any CPU
		{E390CA00-FC34-438A-81EA-D9E10A707E02}.Release|x86.ActiveCfg = Release|Any CPU
		{E390CA00-FC34-438A-81EA-D9E10A707E02}.Release|x86.Build.0 = Release|Any CPU
	EndGlobalSection
	GlobalSection(SolutionProperties) = preSolution
		HideSolutionNode = FALSE
	EndGlobalSection
	GlobalSection(NestedProjects) = preSolution
		{BBAE39C0-EA92-4415-9FD3-BED5A119995C} = {C32EBF05-A037-4422-B0E2-1D3D77702F6F}
		{78A3F9AB-B9EC-413E-8A2C-7DC55CF9D47D} = {C32EBF05-A037-4422-B0E2-1D3D77702F6F}
		{7902B32F-DA50-4C15-99F7-E587356F2D0D} = {C32EBF05-A037-4422-B0E2-1D3D77702F6F}
	EndGlobalSection
	GlobalSection(ExtensibilityGlobals) = postSolution
		SolutionGuid = {055191AF-CF34-4BF9-BF65-22804611FF2E}
	EndGlobalSection
EndGlobal
